
Microsoft Visual Studio Solution File, Format Version 12.00
# Visual Studio 14
VisualStudioVersion = 14.0.24720.0
MinimumVisualStudioVersion = 10.0.40219.1
Project("{FAE04EC0-301F-11D3-BF4B-00C04F79EFBC}") = "AccountsLib", "AccountsLib\AccountsLib.csproj", "{515B3699-33FD-4746-B1BB-70EE28D4111E}"
EndProject
Project("{FAE04EC0-301F-11D3-BF4B-00C04F79EFBC}") = "AccountApp", "AccountApp\AccountApp.csproj", "{8811170B-3F20-4C78-B9BA-119912D115D7}"
EndProject
Global
	GlobalSection(SolutionConfigurationPlatforms) = preSolution
		Debug|Any CPU = Debug|Any CPU
		Release|Any CPU = Release|Any CPU
	EndGlobalSection
	GlobalSection(ProjectConfigurationPlatforms) = postSolution
		{515B3699-33FD-4746-B1BB-70EE28D4111E}.Debug|Any CPU.ActiveCfg = Debug|Any CPU
		{515B3699-33FD-4746-B1BB-70EE28D4111E}.Debug|Any CPU.Build.0 = Debug|Any CPU
		{515B3699-33FD-4746-B1BB-70EE28D4111E}.Release|Any CPU.ActiveCfg = Release|Any CPU
		{515B3699-33FD-4746-B1BB-70EE28D4111E}.Release|Any CPU.Build.0 = Release|Any CPU
		{8811170B-3F20-4C78-B9BA-119912D115D7}.Debug|Any CPU.ActiveCfg = Debug|Any CPU
		{8811170B-3F20-4C78-B9BA-119912D115D7}.Debug|Any CPU.Build.0 = Debug|Any CPU
		{8811170B-3F20-4C78-B9BA-119912D115D7}.Release|Any CPU.ActiveCfg = Release|Any CPU
		{8811170B-3F20-4C78-B9BA-119912D115D7}.Release|Any CPU.Build.0 = Release|Any CPU
	EndGlobalSection
	GlobalSection(SolutionProperties) = preSolution
		HideSolutionNode = FALSE
	EndGlobalSection
EndGlobal
